
Microsoft Visual Studio Solution File, Format Version 12.00
# Visual Studio Version 16
VisualStudioVersion = 16.0.31005.135
MinimumVisualStudioVersion = 10.0.40219.1
Project("{FAE04EC0-301F-11D3-BF4B-00C04F79EFBC}") = "Exercício_Funcionario_Contrato", "Exercício_Funcionario_Contrato\Exercício_Funcionario_Contrato.csproj", "{04F88BD1-2E35-42A9-A353-745C64214064}"
EndProject
Global
	GlobalSection(SolutionConfigurationPlatforms) = preSolution
		Debug|Any CPU = Debug|Any CPU
		Release|Any CPU = Release|Any CPU
	EndGlobalSection
	GlobalSection(ProjectConfigurationPlatforms) = postSolution
		{04F88BD1-2E35-42A9-A353-745C64214064}.Debug|Any CPU.ActiveCfg = Debug|Any CPU
		{04F88BD1-2E35-42A9-A353-745C64214064}.Debug|Any CPU.Build.0 = Debug|Any CPU
		{04F88BD1-2E35-42A9-A353-745C64214064}.Release|Any CPU.ActiveCfg = Release|Any CPU
		{04F88BD1-2E35-42A9-A353-745C64214064}.Release|Any CPU.Build.0 = Release|Any CPU
	EndGlobalSection
	GlobalSection(SolutionProperties) = preSolution
		HideSolutionNode = FALSE
	EndGlobalSection
	GlobalSection(ExtensibilityGlobals) = postSolution
		SolutionGuid = {9410A28C-047B-4DAB-9DCB-92AC43A616D6}
	EndGlobalSection
EndGlobal
