
Microsoft Visual Studio Solution File, Format Version 12.00
# Visual Studio Version 16
VisualStudioVersion = 16.0.31424.327
MinimumVisualStudioVersion = 10.0.40219.1
Project("{FAE04EC0-301F-11D3-BF4B-00C04F79EFBC}") = "Try_Catch_Sample", "Try_Catch_Sample\Try_Catch_Sample.csproj", "{76BE7D62-9AD9-433C-BC56-E7E049A9E0B9}"
EndProject
Global
	GlobalSection(SolutionConfigurationPlatforms) = preSolution
		Debug|Any CPU = Debug|Any CPU
		Release|Any CPU = Release|Any CPU
	EndGlobalSection
	GlobalSection(ProjectConfigurationPlatforms) = postSolution
		{76BE7D62-9AD9-433C-BC56-E7E049A9E0B9}.Debug|Any CPU.ActiveCfg = Debug|Any CPU
		{76BE7D62-9AD9-433C-BC56-E7E049A9E0B9}.Debug|Any CPU.Build.0 = Debug|Any CPU
		{76BE7D62-9AD9-433C-BC56-E7E049A9E0B9}.Release|Any CPU.ActiveCfg = Release|Any CPU
		{76BE7D62-9AD9-433C-BC56-E7E049A9E0B9}.Release|Any CPU.Build.0 = Release|Any CPU
	EndGlobalSection
	GlobalSection(SolutionProperties) = preSolution
		HideSolutionNode = FALSE
	EndGlobalSection
	GlobalSection(ExtensibilityGlobals) = postSolution
		SolutionGuid = {EA015559-EEFA-450C-BAEF-5CD5A4441DBB}
	EndGlobalSection
EndGlobal
