
Microsoft Visual Studio Solution File, Format Version 12.00
# Visual Studio Version 16
VisualStudioVersion = 16.0.31005.135
MinimumVisualStudioVersion = 10.0.40219.1
Project("{FAE04EC0-301F-11D3-BF4B-00C04F79EFBC}") = "List_Sample", "List_Sample\List_Sample.csproj", "{048DD679-98EF-470E-8FD6-3E645A73BEB2}"
EndProject
Global
	GlobalSection(SolutionConfigurationPlatforms) = preSolution
		Debug|Any CPU = Debug|Any CPU
		Release|Any CPU = Release|Any CPU
	EndGlobalSection
	GlobalSection(ProjectConfigurationPlatforms) = postSolution
		{048DD679-98EF-470E-8FD6-3E645A73BEB2}.Debug|Any CPU.ActiveCfg = Debug|Any CPU
		{048DD679-98EF-470E-8FD6-3E645A73BEB2}.Debug|Any CPU.Build.0 = Debug|Any CPU
		{048DD679-98EF-470E-8FD6-3E645A73BEB2}.Release|Any CPU.ActiveCfg = Release|Any CPU
		{048DD679-98EF-470E-8FD6-3E645A73BEB2}.Release|Any CPU.Build.0 = Release|Any CPU
	EndGlobalSection
	GlobalSection(SolutionProperties) = preSolution
		HideSolutionNode = FALSE
	EndGlobalSection
	GlobalSection(ExtensibilityGlobals) = postSolution
		SolutionGuid = {4F8C91E6-B9EA-444E-A3C4-773C9E964434}
	EndGlobalSection
EndGlobal
