
Microsoft Visual Studio Solution File, Format Version 12.00
# Visual Studio Version 16
VisualStudioVersion = 16.0.31424.327
MinimumVisualStudioVersion = 10.0.40219.1
Project("{FAE04EC0-301F-11D3-BF4B-00C04F79EFBC}") = "Bloco_Using_Sample", "Bloco_Using_Sample\Bloco_Using_Sample.csproj", "{3FB199F2-6B50-4857-91E8-7B2C25E92DC1}"
EndProject
Global
	GlobalSection(SolutionConfigurationPlatforms) = preSolution
		Debug|Any CPU = Debug|Any CPU
		Release|Any CPU = Release|Any CPU
	EndGlobalSection
	GlobalSection(ProjectConfigurationPlatforms) = postSolution
		{3FB199F2-6B50-4857-91E8-7B2C25E92DC1}.Debug|Any CPU.ActiveCfg = Debug|Any CPU
		{3FB199F2-6B50-4857-91E8-7B2C25E92DC1}.Debug|Any CPU.Build.0 = Debug|Any CPU
		{3FB199F2-6B50-4857-91E8-7B2C25E92DC1}.Release|Any CPU.ActiveCfg = Release|Any CPU
		{3FB199F2-6B50-4857-91E8-7B2C25E92DC1}.Release|Any CPU.Build.0 = Release|Any CPU
	EndGlobalSection
	GlobalSection(SolutionProperties) = preSolution
		HideSolutionNode = FALSE
	EndGlobalSection
	GlobalSection(ExtensibilityGlobals) = postSolution
		SolutionGuid = {FACA3C5A-3EEF-40B6-B352-2845CE3AED06}
	EndGlobalSection
EndGlobal
