
Microsoft Visual Studio Solution File, Format Version 12.00
# Visual Studio Version 16
VisualStudioVersion = 16.0.30503.244
MinimumVisualStudioVersion = 10.0.40219.1
Project("{FAE04EC0-301F-11D3-BF4B-00C04F79EFBC}") = "Exercicios_de_Fixaçao_Matrizes", "Exercicios_de_Fixaçao_Matrizes\Exercicios_de_Fixaçao_Matrizes.csproj", "{6EADF77A-5384-4073-B3E2-4153E5131332}"
EndProject
Global
	GlobalSection(SolutionConfigurationPlatforms) = preSolution
		Debug|Any CPU = Debug|Any CPU
		Release|Any CPU = Release|Any CPU
	EndGlobalSection
	GlobalSection(ProjectConfigurationPlatforms) = postSolution
		{6EADF77A-5384-4073-B3E2-4153E5131332}.Debug|Any CPU.ActiveCfg = Debug|Any CPU
		{6EADF77A-5384-4073-B3E2-4153E5131332}.Debug|Any CPU.Build.0 = Debug|Any CPU
		{6EADF77A-5384-4073-B3E2-4153E5131332}.Release|Any CPU.ActiveCfg = Release|Any CPU
		{6EADF77A-5384-4073-B3E2-4153E5131332}.Release|Any CPU.Build.0 = Release|Any CPU
	EndGlobalSection
	GlobalSection(SolutionProperties) = preSolution
		HideSolutionNode = FALSE
	EndGlobalSection
	GlobalSection(ExtensibilityGlobals) = postSolution
		SolutionGuid = {57D421CC-1D81-48A9-BA31-BB67E8AEBA44}
	EndGlobalSection
EndGlobal
