
Microsoft Visual Studio Solution File, Format Version 12.00
# Visual Studio Version 16
VisualStudioVersion = 16.0.31424.327
MinimumVisualStudioVersion = 10.0.40219.1
Project("{FAE04EC0-301F-11D3-BF4B-00C04F79EFBC}") = "StreamWriter_Sample", "StreamWriter_Sample\StreamWriter_Sample.csproj", "{3EB5013C-0369-49EC-BCBB-84B877D1C999}"
EndProject
Global
	GlobalSection(SolutionConfigurationPlatforms) = preSolution
		Debug|Any CPU = Debug|Any CPU
		Release|Any CPU = Release|Any CPU
	EndGlobalSection
	GlobalSection(ProjectConfigurationPlatforms) = postSolution
		{3EB5013C-0369-49EC-BCBB-84B877D1C999}.Debug|Any CPU.ActiveCfg = Debug|Any CPU
		{3EB5013C-0369-49EC-BCBB-84B877D1C999}.Debug|Any CPU.Build.0 = Debug|Any CPU
		{3EB5013C-0369-49EC-BCBB-84B877D1C999}.Release|Any CPU.ActiveCfg = Release|Any CPU
		{3EB5013C-0369-49EC-BCBB-84B877D1C999}.Release|Any CPU.Build.0 = Release|Any CPU
	EndGlobalSection
	GlobalSection(SolutionProperties) = preSolution
		HideSolutionNode = FALSE
	EndGlobalSection
	GlobalSection(ExtensibilityGlobals) = postSolution
		SolutionGuid = {38AD8DAD-C067-4756-BB41-716C0A322668}
	EndGlobalSection
EndGlobal
