
Microsoft Visual Studio Solution File, Format Version 12.00
# Visual Studio Version 16
VisualStudioVersion = 16.0.31424.327
MinimumVisualStudioVersion = 10.0.40219.1
Project("{FAE04EC0-301F-11D3-BF4B-00C04F79EFBC}") = "Exceções_Personalizadas_Exercício_Resolvido", "Exceções_Personalizadas_Exercício_Resolvido\Exceções_Personalizadas_Exercício_Resolvido.csproj", "{A37DF10B-5F87-426A-BD8D-9FF55E961EE6}"
EndProject
Global
	GlobalSection(SolutionConfigurationPlatforms) = preSolution
		Debug|Any CPU = Debug|Any CPU
		Release|Any CPU = Release|Any CPU
	EndGlobalSection
	GlobalSection(ProjectConfigurationPlatforms) = postSolution
		{A37DF10B-5F87-426A-BD8D-9FF55E961EE6}.Debug|Any CPU.ActiveCfg = Debug|Any CPU
		{A37DF10B-5F87-426A-BD8D-9FF55E961EE6}.Debug|Any CPU.Build.0 = Debug|Any CPU
		{A37DF10B-5F87-426A-BD8D-9FF55E961EE6}.Release|Any CPU.ActiveCfg = Release|Any CPU
		{A37DF10B-5F87-426A-BD8D-9FF55E961EE6}.Release|Any CPU.Build.0 = Release|Any CPU
	EndGlobalSection
	GlobalSection(SolutionProperties) = preSolution
		HideSolutionNode = FALSE
	EndGlobalSection
	GlobalSection(ExtensibilityGlobals) = postSolution
		SolutionGuid = {7AE2C0D5-E1B0-402C-A430-583C6933589E}
	EndGlobalSection
EndGlobal
